
Microsoft Visual Studio Solution File, Format Version 12.00
# Visual Studio Version 17
VisualStudioVersion = 17.5.33516.290
MinimumVisualStudioVersion = 10.0.40219.1
Project("{FAE04EC0-301F-11D3-BF4B-00C04F79EFBC}") = "DecoratorPattern3", "DecoratorPattern3\DecoratorPattern3.csproj", "{B4F087CB-6ED2-4680-8425-C4E3FBF411F7}"
EndProject
Global
	GlobalSection(SolutionConfigurationPlatforms) = preSolution
		Debug|Any CPU = Debug|Any CPU
		Release|Any CPU = Release|Any CPU
	EndGlobalSection
	GlobalSection(ProjectConfigurationPlatforms) = postSolution
		{B4F087CB-6ED2-4680-8425-C4E3FBF411F7}.Debug|Any CPU.ActiveCfg = Debug|Any CPU
		{B4F087CB-6ED2-4680-8425-C4E3FBF411F7}.Debug|Any CPU.Build.0 = Debug|Any CPU
		{B4F087CB-6ED2-4680-8425-C4E3FBF411F7}.Release|Any CPU.ActiveCfg = Release|Any CPU
		{B4F087CB-6ED2-4680-8425-C4E3FBF411F7}.Release|Any CPU.Build.0 = Release|Any CPU
	EndGlobalSection
	GlobalSection(SolutionProperties) = preSolution
		HideSolutionNode = FALSE
	EndGlobalSection
	GlobalSection(ExtensibilityGlobals) = postSolution
		SolutionGuid = {C9D08FBE-7DD3-4524-ACCD-30BD67878B53}
	EndGlobalSection
EndGlobal
