
Microsoft Visual Studio Solution File, Format Version 12.00
# Visual Studio Version 17
VisualStudioVersion = 17.4.33205.214
MinimumVisualStudioVersion = 10.0.40219.1
Project("{FAE04EC0-301F-11D3-BF4B-00C04F79EFBC}") = "MemoryModel", "MemoryModel\MemoryModel.csproj", "{BF26C419-7FEC-47A2-966B-ECA38DE6F321}"
EndProject
Global
	GlobalSection(SolutionConfigurationPlatforms) = preSolution
		Debug|Any CPU = Debug|Any CPU
		Release|Any CPU = Release|Any CPU
	EndGlobalSection
	GlobalSection(ProjectConfigurationPlatforms) = postSolution
		{BF26C419-7FEC-47A2-966B-ECA38DE6F321}.Debug|Any CPU.ActiveCfg = Debug|Any CPU
		{BF26C419-7FEC-47A2-966B-ECA38DE6F321}.Debug|Any CPU.Build.0 = Debug|Any CPU
		{BF26C419-7FEC-47A2-966B-ECA38DE6F321}.Release|Any CPU.ActiveCfg = Release|Any CPU
		{BF26C419-7FEC-47A2-966B-ECA38DE6F321}.Release|Any CPU.Build.0 = Release|Any CPU
	EndGlobalSection
	GlobalSection(SolutionProperties) = preSolution
		HideSolutionNode = FALSE
	EndGlobalSection
	GlobalSection(ExtensibilityGlobals) = postSolution
		SolutionGuid = {CBE61E70-0B4E-4D42-8C27-9F7073DF9E7B}
	EndGlobalSection
EndGlobal
