
Microsoft Visual Studio Solution File, Format Version 12.00
# Visual Studio Version 17
VisualStudioVersion = 17.5.33516.290
MinimumVisualStudioVersion = 10.0.40219.1
Project("{FAE04EC0-301F-11D3-BF4B-00C04F79EFBC}") = "DecoratorPattern2", "DecoratorPattern2\DecoratorPattern2.csproj", "{5E1835C3-3D99-4B3D-80C8-6E60899E6A12}"
EndProject
Global
	GlobalSection(SolutionConfigurationPlatforms) = preSolution
		Debug|Any CPU = Debug|Any CPU
		Release|Any CPU = Release|Any CPU
	EndGlobalSection
	GlobalSection(ProjectConfigurationPlatforms) = postSolution
		{5E1835C3-3D99-4B3D-80C8-6E60899E6A12}.Debug|Any CPU.ActiveCfg = Debug|Any CPU
		{5E1835C3-3D99-4B3D-80C8-6E60899E6A12}.Debug|Any CPU.Build.0 = Debug|Any CPU
		{5E1835C3-3D99-4B3D-80C8-6E60899E6A12}.Release|Any CPU.ActiveCfg = Release|Any CPU
		{5E1835C3-3D99-4B3D-80C8-6E60899E6A12}.Release|Any CPU.Build.0 = Release|Any CPU
	EndGlobalSection
	GlobalSection(SolutionProperties) = preSolution
		HideSolutionNode = FALSE
	EndGlobalSection
	GlobalSection(ExtensibilityGlobals) = postSolution
		SolutionGuid = {E4DBDB24-6A6A-431A-AAAE-856B72253F76}
	EndGlobalSection
EndGlobal
