
Microsoft Visual Studio Solution File, Format Version 12.00
# Visual Studio Version 17
VisualStudioVersion = 17.5.33424.131
MinimumVisualStudioVersion = 10.0.40219.1
Project("{FAE04EC0-301F-11D3-BF4B-00C04F79EFBC}") = "FizzBuzzApp", "FizzBuzzApp\FizzBuzzApp.csproj", "{B6C30BB0-B6A4-4983-9746-DB88F536ED9D}"
EndProject
Project("{FAE04EC0-301F-11D3-BF4B-00C04F79EFBC}") = "FizzBuzz.Tests", "FizzBuzz.Tests\FizzBuzz.Tests.csproj", "{DB1FF8BF-4094-4C16-B31C-6C50165F6656}"
EndProject
Global
	GlobalSection(SolutionConfigurationPlatforms) = preSolution
		Debug|Any CPU = Debug|Any CPU
		Release|Any CPU = Release|Any CPU
	EndGlobalSection
	GlobalSection(ProjectConfigurationPlatforms) = postSolution
		{B6C30BB0-B6A4-4983-9746-DB88F536ED9D}.Debug|Any CPU.ActiveCfg = Debug|Any CPU
		{B6C30BB0-B6A4-4983-9746-DB88F536ED9D}.Debug|Any CPU.Build.0 = Debug|Any CPU
		{B6C30BB0-B6A4-4983-9746-DB88F536ED9D}.Release|Any CPU.ActiveCfg = Release|Any CPU
		{B6C30BB0-B6A4-4983-9746-DB88F536ED9D}.Release|Any CPU.Build.0 = Release|Any CPU
		{DB1FF8BF-4094-4C16-B31C-6C50165F6656}.Debug|Any CPU.ActiveCfg = Debug|Any CPU
		{DB1FF8BF-4094-4C16-B31C-6C50165F6656}.Debug|Any CPU.Build.0 = Debug|Any CPU
		{DB1FF8BF-4094-4C16-B31C-6C50165F6656}.Release|Any CPU.ActiveCfg = Release|Any CPU
		{DB1FF8BF-4094-4C16-B31C-6C50165F6656}.Release|Any CPU.Build.0 = Release|Any CPU
	EndGlobalSection
	GlobalSection(SolutionProperties) = preSolution
		HideSolutionNode = FALSE
	EndGlobalSection
	GlobalSection(ExtensibilityGlobals) = postSolution
		SolutionGuid = {2B837D8C-CF90-4A69-89AA-D303C28EB77F}
	EndGlobalSection
EndGlobal
