
Microsoft Visual Studio Solution File, Format Version 12.00
# Visual Studio Version 17
VisualStudioVersion = 17.3.32922.545
MinimumVisualStudioVersion = 10.0.40219.1
Project("{FAE04EC0-301F-11D3-BF4B-00C04F79EFBC}") = "UsingVisualStudio", "UsingVisualStudio\UsingVisualStudio.csproj", "{CA9871BD-C3A7-406B-ABB0-6D5E9DE7FC88}"
EndProject
Global
	GlobalSection(SolutionConfigurationPlatforms) = preSolution
		Debug|Any CPU = Debug|Any CPU
		Release|Any CPU = Release|Any CPU
	EndGlobalSection
	GlobalSection(ProjectConfigurationPlatforms) = postSolution
		{CA9871BD-C3A7-406B-ABB0-6D5E9DE7FC88}.Debug|Any CPU.ActiveCfg = Debug|Any CPU
		{CA9871BD-C3A7-406B-ABB0-6D5E9DE7FC88}.Debug|Any CPU.Build.0 = Debug|Any CPU
		{CA9871BD-C3A7-406B-ABB0-6D5E9DE7FC88}.Release|Any CPU.ActiveCfg = Release|Any CPU
		{CA9871BD-C3A7-406B-ABB0-6D5E9DE7FC88}.Release|Any CPU.Build.0 = Release|Any CPU
	EndGlobalSection
	GlobalSection(SolutionProperties) = preSolution
		HideSolutionNode = FALSE
	EndGlobalSection
	GlobalSection(ExtensibilityGlobals) = postSolution
		SolutionGuid = {2D29D58C-3E4B-44A6-ACD6-EBF23DA33D67}
	EndGlobalSection
EndGlobal
