
Microsoft Visual Studio Solution File, Format Version 12.00
# Visual Studio Version 17
VisualStudioVersion = 17.4.33403.182
MinimumVisualStudioVersion = 10.0.40219.1
Project("{9A19103F-16F7-4668-BE54-9A1E7A4F7556}") = "Final_Project", "Final_Project\Final_Project.csproj", "{1F692DA7-C23E-4666-AA71-F625AB1BE3A9}"
EndProject
Project("{FAE04EC0-301F-11D3-BF4B-00C04F79EFBC}") = "Final_Project.Tests", "Final_Project.Tests\Final_Project.Tests.csproj", "{5A6FEA3D-787A-4806-84B4-653CFC7DE0C3}"
EndProject
Global
	GlobalSection(SolutionConfigurationPlatforms) = preSolution
		Debug|Any CPU = Debug|Any CPU
		Release|Any CPU = Release|Any CPU
	EndGlobalSection
	GlobalSection(ProjectConfigurationPlatforms) = postSolution
		{1F692DA7-C23E-4666-AA71-F625AB1BE3A9}.Debug|Any CPU.ActiveCfg = Debug|Any CPU
		{1F692DA7-C23E-4666-AA71-F625AB1BE3A9}.Debug|Any CPU.Build.0 = Debug|Any CPU
		{1F692DA7-C23E-4666-AA71-F625AB1BE3A9}.Release|Any CPU.ActiveCfg = Release|Any CPU
		{1F692DA7-C23E-4666-AA71-F625AB1BE3A9}.Release|Any CPU.Build.0 = Release|Any CPU
		{5A6FEA3D-787A-4806-84B4-653CFC7DE0C3}.Debug|Any CPU.ActiveCfg = Debug|Any CPU
		{5A6FEA3D-787A-4806-84B4-653CFC7DE0C3}.Debug|Any CPU.Build.0 = Debug|Any CPU
		{5A6FEA3D-787A-4806-84B4-653CFC7DE0C3}.Release|Any CPU.ActiveCfg = Release|Any CPU
		{5A6FEA3D-787A-4806-84B4-653CFC7DE0C3}.Release|Any CPU.Build.0 = Release|Any CPU
	EndGlobalSection
	GlobalSection(SolutionProperties) = preSolution
		HideSolutionNode = FALSE
	EndGlobalSection
	GlobalSection(ExtensibilityGlobals) = postSolution
		SolutionGuid = {7EF197DA-EBDD-4686-B48F-458550C72FA3}
	EndGlobalSection
EndGlobal
