
Microsoft Visual Studio Solution File, Format Version 12.00
# Visual Studio Version 17
VisualStudioVersion = 17.5.33516.290
MinimumVisualStudioVersion = 10.0.40219.1
Project("{FAE04EC0-301F-11D3-BF4B-00C04F79EFBC}") = "RazorPagesMovie", "RazorPagesMovie\RazorPagesMovie.csproj", "{1715081C-F16A-44D7-BAEA-BEB84C5B406C}"
EndProject
Global
	GlobalSection(SolutionConfigurationPlatforms) = preSolution
		Debug|Any CPU = Debug|Any CPU
		Release|Any CPU = Release|Any CPU
	EndGlobalSection
	GlobalSection(ProjectConfigurationPlatforms) = postSolution
		{1715081C-F16A-44D7-BAEA-BEB84C5B406C}.Debug|Any CPU.ActiveCfg = Debug|Any CPU
		{1715081C-F16A-44D7-BAEA-BEB84C5B406C}.Debug|Any CPU.Build.0 = Debug|Any CPU
		{1715081C-F16A-44D7-BAEA-BEB84C5B406C}.Release|Any CPU.ActiveCfg = Release|Any CPU
		{1715081C-F16A-44D7-BAEA-BEB84C5B406C}.Release|Any CPU.Build.0 = Release|Any CPU
	EndGlobalSection
	GlobalSection(SolutionProperties) = preSolution
		HideSolutionNode = FALSE
	EndGlobalSection
	GlobalSection(ExtensibilityGlobals) = postSolution
		SolutionGuid = {63DE0770-D5FF-434C-BCC4-81FF8962B8AF}
	EndGlobalSection
EndGlobal
