
Microsoft Visual Studio Solution File, Format Version 12.00
# Visual Studio Version 17
VisualStudioVersion = 17.5.33516.290
MinimumVisualStudioVersion = 10.0.40219.1
Project("{FAE04EC0-301F-11D3-BF4B-00C04F79EFBC}") = "ContosoCrafts.Web", "ContosoCrafts.Web\ContosoCrafts.Web.csproj", "{7A452DB9-548C-415F-9EBD-7A66563C6E01}"
EndProject
Global
	GlobalSection(SolutionConfigurationPlatforms) = preSolution
		Debug|Any CPU = Debug|Any CPU
		Release|Any CPU = Release|Any CPU
	EndGlobalSection
	GlobalSection(ProjectConfigurationPlatforms) = postSolution
		{7A452DB9-548C-415F-9EBD-7A66563C6E01}.Debug|Any CPU.ActiveCfg = Debug|Any CPU
		{7A452DB9-548C-415F-9EBD-7A66563C6E01}.Debug|Any CPU.Build.0 = Debug|Any CPU
		{7A452DB9-548C-415F-9EBD-7A66563C6E01}.Release|Any CPU.ActiveCfg = Release|Any CPU
		{7A452DB9-548C-415F-9EBD-7A66563C6E01}.Release|Any CPU.Build.0 = Release|Any CPU
	EndGlobalSection
	GlobalSection(SolutionProperties) = preSolution
		HideSolutionNode = FALSE
	EndGlobalSection
	GlobalSection(ExtensibilityGlobals) = postSolution
		SolutionGuid = {BE7149C8-B84D-4049-9266-5196A94B90CC}
	EndGlobalSection
EndGlobal
